
Microsoft Visual Studio Solution File, Format Version 12.00
# Visual Studio Version 17
VisualStudioVersion = 17.1.32407.343
MinimumVisualStudioVersion = 10.0.40219.1
Project("{9A19103F-16F7-4668-BE54-9A1E7A4F7556}") = "RockstarsHealthCheck", "RockstarsHealthCheck\RockstarsHealthCheck.csproj", "{A26BA0CB-3A16-4695-AE77-20DE6412AC88}"
EndProject
Global
	GlobalSection(SolutionConfigurationPlatforms) = preSolution
		Debug|Any CPU = Debug|Any CPU
		Release|Any CPU = Release|Any CPU
	EndGlobalSection
	GlobalSection(ProjectConfigurationPlatforms) = postSolution
		{A26BA0CB-3A16-4695-AE77-20DE6412AC88}.Debug|Any CPU.ActiveCfg = Debug|Any CPU
		{A26BA0CB-3A16-4695-AE77-20DE6412AC88}.Debug|Any CPU.Build.0 = Debug|Any CPU
		{A26BA0CB-3A16-4695-AE77-20DE6412AC88}.Release|Any CPU.ActiveCfg = Release|Any CPU
		{A26BA0CB-3A16-4695-AE77-20DE6412AC88}.Release|Any CPU.Build.0 = Release|Any CPU
	EndGlobalSection
	GlobalSection(SolutionProperties) = preSolution
		HideSolutionNode = FALSE
	EndGlobalSection
	GlobalSection(ExtensibilityGlobals) = postSolution
		SolutionGuid = {7682147D-2916-4436-ABF0-9451389D77E6}
	EndGlobalSection
EndGlobal
